# This file is autogenerated, do not edit; changes may be undone by the next 'dep ensure'.


[[projects]]
  name = "github.com/armon/go-radix"
  packages = ["."]
  revision = "4239b77079c7b5d1243b7b4736304ce8ddb6f0f2"

[[projects]]
  name = "github.com/aws/aws-sdk-go"
  packages = [
    "aws",
    "aws/awserr",
    "aws/awsutil",
    "aws/client",
    "aws/client/metadata",
    "aws/corehandlers",
    "aws/credentials",
    "aws/credentials/ec2rolecreds",
    "aws/credentials/endpointcreds",
    "aws/credentials/stscreds",
    "aws/defaults",
    "aws/ec2metadata",
    "aws/endpoints",
    "aws/request",
    "aws/session",
    "aws/signer/v4",
    "internal/sdkio",
    "internal/sdkrand",
    "internal/shareddefaults",
    "private/protocol",
    "private/protocol/json/jsonutil",
    "private/protocol/jsonrpc",
    "private/protocol/query",
    "private/protocol/query/queryutil",
    "private/protocol/rest",
    "private/protocol/xml/xmlutil",
    "service/ecs",
    "service/ecs/ecsiface",
    "service/kms",
    "service/kms/kmsiface",
    "service/sts"
  ]
  revision = "f6efafab9ddced9880456bc53096fa79f4596f5e"
  version = "v1.13.27"

[[projects]]
  name = "github.com/bgentry/speakeasy"
  packages = ["."]
  revision = "675b82c74c0ed12283ee81ba8a534c8982c07b85"

[[projects]]
  name = "github.com/ghodss/yaml"
  packages = ["."]
  revision = "0ca9ea5df5451ffdf184b4428c902747c2c11cd7"
  version = "v1.0.0"

[[projects]]
  branch = "master"
  name = "github.com/gin-contrib/sse"
  packages = ["."]
  revision = "22d885f9ecc78bf4ee5d72b937e4bbcdc58e8cae"

[[projects]]
  name = "github.com/gin-gonic/gin"
  packages = [
    ".",
    "binding",
    "render"
  ]
  revision = "d459835d2b077e44f7c9b453505ee29881d5d12d"
  version = "v1.2"

[[projects]]
  name = "github.com/go-ini/ini"
  packages = ["."]
  revision = "e7fea39b01aea8d5671f6858f0532f56e8bff3a5"
  version = "v1.27.0"

[[projects]]
  name = "github.com/golang/protobuf"
  packages = ["proto"]
  revision = "748d386b5c1ea99658fd69fe9f03991ce86a90c1"

[[projects]]
  name = "github.com/ieee0824/cryptex"
  packages = [
    ".",
    "encryptor",
    "kms",
    "rsa"
  ]
  revision = "fcc4a223560a23187d7d15f2c9289ecf258322e0"
  version = "v0.2.5"

[[projects]]
  name = "github.com/ieee0824/getenv"
  packages = ["."]
  revision = "c0967c2a6018ada0a7537084588ee1e5084b09ac"
  version = "v0.2"

[[projects]]
  name = "github.com/ieee0824/jec"
  packages = ["."]
  revision = "2c90ef2a8c1fb51436bc11dea21b0e87214244b3"
  version = "v1.0.1"

[[projects]]
  name = "github.com/jmespath/go-jmespath"
  packages = ["."]
  revision = "0b12d6b5"

[[projects]]
  name = "github.com/joho/godotenv"
  packages = ["."]
  revision = "a79fa1e548e2c689c241d10173efd51e5d689d5b"
  version = "v1.2.0"

[[projects]]
  name = "github.com/mattn/go-isatty"
  packages = ["."]
  revision = "fc9e8d8ef48496124e79ae0df75490096eccf6fe"
  version = "v0.0.2"

[[projects]]
  name = "github.com/mitchellh/cli"
  packages = ["."]
  revision = "ee8578a9c12a5bb9d55303b9665cc448772c81b8"

[[projects]]
  name = "github.com/ugorji/go"
  packages = ["codec"]
  revision = "5efa3251c7f7d05e5d9704a69a984ec9f1386a40"

[[projects]]
  name = "golang.org/x/sys"
  packages = ["unix"]
  revision = "f3918c30c5c2cb527c0b071a27c35120a6c0719a"

[[projects]]
  name = "gopkg.in/go-playground/validator.v8"
  packages = ["."]
  revision = "5f1438d3fca68893a817e4a66806cea46a9e4ebf"
  version = "v8.18.2"

[[projects]]
  name = "gopkg.in/yaml.v2"
  packages = ["."]
  revision = "25c4ec802a7d637f88d584ab26798e94ad14c13b"

[solve-meta]
  analyzer-name = "dep"
  analyzer-version = 1
  inputs-digest = "b93a54504204a162dd563dc3f8bcf0726e7eb350285e5ea0b3a06bc9fbc7ba2b"
  solver-name = "gps-cdcl"
  solver-version = 1
